
Microsoft Visual Studio Solution File, Format Version 12.00
# Visual Studio 15
VisualStudioVersion = 15.0.27130.2036
MinimumVisualStudioVersion = 10.0.40219.1
Project("{FAE04EC0-301F-11D3-BF4B-00C04F79EFBC}") = "Multas", "Multas\Multas.csproj", "{66568591-22A5-4B33-BD68-C347A92ED911}"
EndProject
Global
	GlobalSection(SolutionConfigurationPlatforms) = preSolution
		Debug|Any CPU = Debug|Any CPU
		Release|Any CPU = Release|Any CPU
	EndGlobalSection
	GlobalSection(ProjectConfigurationPlatforms) = postSolution
		{66568591-22A5-4B33-BD68-C347A92ED911}.Debug|Any CPU.ActiveCfg = Debug|Any CPU
		{66568591-22A5-4B33-BD68-C347A92ED911}.Debug|Any CPU.Build.0 = Debug|Any CPU
		{66568591-22A5-4B33-BD68-C347A92ED911}.Release|Any CPU.ActiveCfg = Release|Any CPU
		{66568591-22A5-4B33-BD68-C347A92ED911}.Release|Any CPU.Build.0 = Release|Any CPU
	EndGlobalSection
	GlobalSection(SolutionProperties) = preSolution
		HideSolutionNode = FALSE
	EndGlobalSection
	GlobalSection(ExtensibilityGlobals) = postSolution
		SolutionGuid = {EF60B01F-E257-4189-9F01-F4225A6F9AD9}
	EndGlobalSection
EndGlobal
